PODS:
  - NanorepEngine (1.5.7)
  - NanorepUI (1.6.1):
    - NanorepEngine
    - NRAccessibility
  - NRAccessibility (1.5.7)

DEPENDENCIES:
  - NanorepUI

SPEC REPOS:
  https://github.com/Bold360ai/Bold360ai-SDK-Specs.git:
    - NanorepEngine
    - NanorepUI
    - NRAccessibility

SPEC CHECKSUMS:
  NanorepEngine: db8b1273aa6ce0312ae5981d474215ce6ecfe580
  NanorepUI: 98edd3f6612c53e57f1cb163e12b80d0222ce2cb
  NRAccessibility: 356aed83c9c6fe90773ccda22812864c822c7998

PODFILE CHECKSUM: 7212b8336323c07e6070c16ff2880b3d03014d5a

COCOAPODS: 1.5.3
